
Microsoft Visual Studio Solution File, Format Version 12.00
# Visual Studio Version 17
VisualStudioVersion = 17.6.33815.320
MinimumVisualStudioVersion = 10.0.40219.1
Project("{FAE04EC0-301F-11D3-BF4B-00C04F79EFBC}") = "PersonFinance.API", "PersonFinance.API\PersonFinance.API.csproj", "{F4A70F2D-A555-43CF-BFEC-D2E4BD2C6D7F}"
EndProject
Project("{FAE04EC0-301F-11D3-BF4B-00C04F79EFBC}") = "PersonFinance.DAL.API", "PersonFinance.DAL.API\PersonFinance.DAL.API.csproj", "{8F5B5E5D-2C6B-4F6A-BF20-F1C146A64B6D}"
EndProject
Project("{FAE04EC0-301F-11D3-BF4B-00C04F79EFBC}") = "PersonFinance.BLL.API", "PersonFinance.BLL.API\PersonFinance.BLL.API.csproj", "{22A5C11A-C99D-4720-9350-17F18AA7DF1E}"
EndProject
Project("{FAE04EC0-301F-11D3-BF4B-00C04F79EFBC}") = "PersonFinance.Domain.API", "PersonFinance.Domain.API\PersonFinance.Domain.API.csproj", "{9DDEFFCA-92DA-4970-8797-68E70783A221}"
EndProject
Global
	GlobalSection(SolutionConfigurationPlatforms) = preSolution
		Debug|Any CPU = Debug|Any CPU
		Release|Any CPU = Release|Any CPU
	EndGlobalSection
	GlobalSection(ProjectConfigurationPlatforms) = postSolution
		{F4A70F2D-A555-43CF-BFEC-D2E4BD2C6D7F}.Debug|Any CPU.ActiveCfg = Debug|Any CPU
		{F4A70F2D-A555-43CF-BFEC-D2E4BD2C6D7F}.Debug|Any CPU.Build.0 = Debug|Any CPU
		{F4A70F2D-A555-43CF-BFEC-D2E4BD2C6D7F}.Release|Any CPU.ActiveCfg = Release|Any CPU
		{F4A70F2D-A555-43CF-BFEC-D2E4BD2C6D7F}.Release|Any CPU.Build.0 = Release|Any CPU
		{8F5B5E5D-2C6B-4F6A-BF20-F1C146A64B6D}.Debug|Any CPU.ActiveCfg = Debug|Any CPU
		{8F5B5E5D-2C6B-4F6A-BF20-F1C146A64B6D}.Debug|Any CPU.Build.0 = Debug|Any CPU
		{8F5B5E5D-2C6B-4F6A-BF20-F1C146A64B6D}.Release|Any CPU.ActiveCfg = Release|Any CPU
		{8F5B5E5D-2C6B-4F6A-BF20-F1C146A64B6D}.Release|Any CPU.Build.0 = Release|Any CPU
		{22A5C11A-C99D-4720-9350-17F18AA7DF1E}.Debug|Any CPU.ActiveCfg = Debug|Any CPU
		{22A5C11A-C99D-4720-9350-17F18AA7DF1E}.Debug|Any CPU.Build.0 = Debug|Any CPU
		{22A5C11A-C99D-4720-9350-17F18AA7DF1E}.Release|Any CPU.ActiveCfg = Release|Any CPU
		{22A5C11A-C99D-4720-9350-17F18AA7DF1E}.Release|Any CPU.Build.0 = Release|Any CPU
		{9DDEFFCA-92DA-4970-8797-68E70783A221}.Debug|Any CPU.ActiveCfg = Debug|Any CPU
		{9DDEFFCA-92DA-4970-8797-68E70783A221}.Debug|Any CPU.Build.0 = Debug|Any CPU
		{9DDEFFCA-92DA-4970-8797-68E70783A221}.Release|Any CPU.ActiveCfg = Release|Any CPU
		{9DDEFFCA-92DA-4970-8797-68E70783A221}.Release|Any CPU.Build.0 = Release|Any CPU
	EndGlobalSection
	GlobalSection(SolutionProperties) = preSolution
		HideSolutionNode = FALSE
	EndGlobalSection
	GlobalSection(ExtensibilityGlobals) = postSolution
		SolutionGuid = {EF8F329F-543F-47D0-A726-0B67EE70A11B}
	EndGlobalSection
EndGlobal
